
Microsoft Visual Studio Solution File, Format Version 12.00
# Visual Studio Version 17
VisualStudioVersion = 17.3.32901.215
MinimumVisualStudioVersion = 10.0.40219.1
Project("{9A19103F-16F7-4668-BE54-9A1E7A4F7556}") = "ChainofResponsibility", "ChainofResponsibility\ChainofResponsibility.csproj", "{21640831-D981-4027-B86B-A496CA574020}"
EndProject
Project("{2150E333-8FDC-42A3-9474-1A3956D46DE8}") = "CreationalPatterns", "CreationalPatterns", "{FAECD689-B9A6-4AFA-9378-BEF41D7D8416}"
EndProject
Project("{9A19103F-16F7-4668-BE54-9A1E7A4F7556}") = "FactoryPattern", "FactoryPattern\FactoryPattern.csproj", "{F36BABAE-1DD1-4A17-81A5-56090CF53FDA}"
EndProject
Project("{9A19103F-16F7-4668-BE54-9A1E7A4F7556}") = "AbstractFactory", "AbstractFactory\AbstractFactory.csproj", "{612AC404-7D42-4DCB-92AD-933E8BD91BDC}"
EndProject
Project("{9A19103F-16F7-4668-BE54-9A1E7A4F7556}") = "SingletonPattern", "SingletonPattern\SingletonPattern.csproj", "{F1244AFD-FA06-4936-BFC6-45EA1F36EA45}"
EndProject
Project("{9A19103F-16F7-4668-BE54-9A1E7A4F7556}") = "BuilderPattern", "BuilderPattern\BuilderPattern.csproj", "{C067693D-D696-4B5B-9785-E315E6DF71B1}"
EndProject
Project("{9A19103F-16F7-4668-BE54-9A1E7A4F7556}") = "PrototypePattern", "PrototypePattern\PrototypePattern.csproj", "{DD7974C5-090D-4CC5-AAD0-D8C56789B1B3}"
EndProject
Project("{2150E333-8FDC-42A3-9474-1A3956D46DE8}") = "StructuralPatterns", "StructuralPatterns", "{93C8E077-172F-409C-BBC0-6FC08E1EC182}"
EndProject
Project("{9A19103F-16F7-4668-BE54-9A1E7A4F7556}") = "AdapterPattern", "AdapterPattern\AdapterPattern.csproj", "{06A712EF-DEA6-43F6-A8E7-344938D34BFB}"
EndProject
Project("{9A19103F-16F7-4668-BE54-9A1E7A4F7556}") = "BridgePattern", "BridgePattern\BridgePattern.csproj", "{D4716FB3-32E4-4112-91B5-AFAC559BE989}"
EndProject
Project("{9A19103F-16F7-4668-BE54-9A1E7A4F7556}") = "SOLIDPrinciples", "SOLIDPrinciples\SOLIDPrinciples.csproj", "{2E13946B-718A-499E-B857-FD6C281D2A6F}"
EndProject
Project("{2150E333-8FDC-42A3-9474-1A3956D46DE8}") = "CreationalPatterns2", "CreationalPatterns2", "{75C4FEB2-D714-4788-B594-1567AE623400}"
EndProject
Project("{FAE04EC0-301F-11D3-BF4B-00C04F79EFBC}") = "BuilderPattern", "BuilderPatterb\BuilderPattern.csproj", "{348D7C7B-6D0A-4DD8-BD81-74740361AB7B}"
EndProject
Global
	GlobalSection(SolutionConfigurationPlatforms) = preSolution
		Debug|Any CPU = Debug|Any CPU
		Release|Any CPU = Release|Any CPU
	EndGlobalSection
	GlobalSection(ProjectConfigurationPlatforms) = postSolution
		{21640831-D981-4027-B86B-A496CA574020}.Debug|Any CPU.ActiveCfg = Debug|Any CPU
		{21640831-D981-4027-B86B-A496CA574020}.Debug|Any CPU.Build.0 = Debug|Any CPU
		{21640831-D981-4027-B86B-A496CA574020}.Release|Any CPU.ActiveCfg = Release|Any CPU
		{21640831-D981-4027-B86B-A496CA574020}.Release|Any CPU.Build.0 = Release|Any CPU
		{F36BABAE-1DD1-4A17-81A5-56090CF53FDA}.Debug|Any CPU.ActiveCfg = Debug|Any CPU
		{F36BABAE-1DD1-4A17-81A5-56090CF53FDA}.Debug|Any CPU.Build.0 = Debug|Any CPU
		{F36BABAE-1DD1-4A17-81A5-56090CF53FDA}.Release|Any CPU.ActiveCfg = Release|Any CPU
		{F36BABAE-1DD1-4A17-81A5-56090CF53FDA}.Release|Any CPU.Build.0 = Release|Any CPU
		{612AC404-7D42-4DCB-92AD-933E8BD91BDC}.Debug|Any CPU.ActiveCfg = Debug|Any CPU
		{612AC404-7D42-4DCB-92AD-933E8BD91BDC}.Debug|Any CPU.Build.0 = Debug|Any CPU
		{612AC404-7D42-4DCB-92AD-933E8BD91BDC}.Release|Any CPU.ActiveCfg = Release|Any CPU
		{612AC404-7D42-4DCB-92AD-933E8BD91BDC}.Release|Any CPU.Build.0 = Release|Any CPU
		{F1244AFD-FA06-4936-BFC6-45EA1F36EA45}.Debug|Any CPU.ActiveCfg = Debug|Any CPU
		{F1244AFD-FA06-4936-BFC6-45EA1F36EA45}.Debug|Any CPU.Build.0 = Debug|Any CPU
		{F1244AFD-FA06-4936-BFC6-45EA1F36EA45}.Release|Any CPU.ActiveCfg = Release|Any CPU
		{F1244AFD-FA06-4936-BFC6-45EA1F36EA45}.Release|Any CPU.Build.0 = Release|Any CPU
		{C067693D-D696-4B5B-9785-E315E6DF71B1}.Debug|Any CPU.ActiveCfg = Debug|Any CPU
		{C067693D-D696-4B5B-9785-E315E6DF71B1}.Debug|Any CPU.Build.0 = Debug|Any CPU
		{C067693D-D696-4B5B-9785-E315E6DF71B1}.Release|Any CPU.ActiveCfg = Release|Any CPU
		{C067693D-D696-4B5B-9785-E315E6DF71B1}.Release|Any CPU.Build.0 = Release|Any CPU
		{DD7974C5-090D-4CC5-AAD0-D8C56789B1B3}.Debug|Any CPU.ActiveCfg = Debug|Any CPU
		{DD7974C5-090D-4CC5-AAD0-D8C56789B1B3}.Debug|Any CPU.Build.0 = Debug|Any CPU
		{DD7974C5-090D-4CC5-AAD0-D8C56789B1B3}.Release|Any CPU.ActiveCfg = Release|Any CPU
		{DD7974C5-090D-4CC5-AAD0-D8C56789B1B3}.Release|Any CPU.Build.0 = Release|Any CPU
		{06A712EF-DEA6-43F6-A8E7-344938D34BFB}.Debug|Any CPU.ActiveCfg = Debug|Any CPU
		{06A712EF-DEA6-43F6-A8E7-344938D34BFB}.Debug|Any CPU.Build.0 = Debug|Any CPU
		{06A712EF-DEA6-43F6-A8E7-344938D34BFB}.Release|Any CPU.ActiveCfg = Release|Any CPU
		{06A712EF-DEA6-43F6-A8E7-344938D34BFB}.Release|Any CPU.Build.0 = Release|Any CPU
		{D4716FB3-32E4-4112-91B5-AFAC559BE989}.Debug|Any CPU.ActiveCfg = Debug|Any CPU
		{D4716FB3-32E4-4112-91B5-AFAC559BE989}.Debug|Any CPU.Build.0 = Debug|Any CPU
		{D4716FB3-32E4-4112-91B5-AFAC559BE989}.Release|Any CPU.ActiveCfg = Release|Any CPU
		{D4716FB3-32E4-4112-91B5-AFAC559BE989}.Release|Any CPU.Build.0 = Release|Any CPU
		{2E13946B-718A-499E-B857-FD6C281D2A6F}.Debug|Any CPU.ActiveCfg = Debug|Any CPU
		{2E13946B-718A-499E-B857-FD6C281D2A6F}.Debug|Any CPU.Build.0 = Debug|Any CPU
		{2E13946B-718A-499E-B857-FD6C281D2A6F}.Release|Any CPU.ActiveCfg = Release|Any CPU
		{2E13946B-718A-499E-B857-FD6C281D2A6F}.Release|Any CPU.Build.0 = Release|Any CPU
		{348D7C7B-6D0A-4DD8-BD81-74740361AB7B}.Debug|Any CPU.ActiveCfg = Debug|Any CPU
		{348D7C7B-6D0A-4DD8-BD81-74740361AB7B}.Debug|Any CPU.Build.0 = Debug|Any CPU
		{348D7C7B-6D0A-4DD8-BD81-74740361AB7B}.Release|Any CPU.ActiveCfg = Release|Any CPU
		{348D7C7B-6D0A-4DD8-BD81-74740361AB7B}.Release|Any CPU.Build.0 = Release|Any CPU
	EndGlobalSection
	GlobalSection(SolutionProperties) = preSolution
		HideSolutionNode = FALSE
	EndGlobalSection
	GlobalSection(NestedProjects) = preSolution
		{F36BABAE-1DD1-4A17-81A5-56090CF53FDA} = {FAECD689-B9A6-4AFA-9378-BEF41D7D8416}
		{612AC404-7D42-4DCB-92AD-933E8BD91BDC} = {FAECD689-B9A6-4AFA-9378-BEF41D7D8416}
		{F1244AFD-FA06-4936-BFC6-45EA1F36EA45} = {FAECD689-B9A6-4AFA-9378-BEF41D7D8416}
		{C067693D-D696-4B5B-9785-E315E6DF71B1} = {FAECD689-B9A6-4AFA-9378-BEF41D7D8416}
		{DD7974C5-090D-4CC5-AAD0-D8C56789B1B3} = {FAECD689-B9A6-4AFA-9378-BEF41D7D8416}
		{06A712EF-DEA6-43F6-A8E7-344938D34BFB} = {93C8E077-172F-409C-BBC0-6FC08E1EC182}
		{D4716FB3-32E4-4112-91B5-AFAC559BE989} = {93C8E077-172F-409C-BBC0-6FC08E1EC182}
		{348D7C7B-6D0A-4DD8-BD81-74740361AB7B} = {75C4FEB2-D714-4788-B594-1567AE623400}
	EndGlobalSection
	GlobalSection(ExtensibilityGlobals) = postSolution
		SolutionGuid = {E6594997-A9DF-48AD-9F3A-B23828DEF2BF}
	EndGlobalSection
EndGlobal
